
Microsoft Visual Studio Solution File, Format Version 12.00
# Visual Studio Version 17
VisualStudioVersion = 17.9.34622.214
MinimumVisualStudioVersion = 10.0.40219.1
Project("{FAE04EC0-301F-11D3-BF4B-00C04F79EFBC}") = "ComputerGraphicsIProject", "ComputerGraphicsIProject.csproj", "{C4C46B21-336A-4826-8965-EB3911DFE594}"
EndProject
Global
	GlobalSection(SolutionConfigurationPlatforms) = preSolution
		Debug|Any CPU = Debug|Any CPU
		Release|Any CPU = Release|Any CPU
	EndGlobalSection
	GlobalSection(ProjectConfigurationPlatforms) = postSolution
		{C4C46B21-336A-4826-8965-EB3911DFE594}.Debug|Any CPU.ActiveCfg = Debug|Any CPU
		{C4C46B21-336A-4826-8965-EB3911DFE594}.Debug|Any CPU.Build.0 = Debug|Any CPU
		{C4C46B21-336A-4826-8965-EB3911DFE594}.Release|Any CPU.ActiveCfg = Release|Any CPU
		{C4C46B21-336A-4826-8965-EB3911DFE594}.Release|Any CPU.Build.0 = Release|Any CPU
	EndGlobalSection
	GlobalSection(SolutionProperties) = preSolution
		HideSolutionNode = FALSE
	EndGlobalSection
	GlobalSection(ExtensibilityGlobals) = postSolution
		SolutionGuid = {0F2AE106-EBFB-4348-9097-C4214D229B42}
	EndGlobalSection
EndGlobal
